
Microsoft Visual Studio Solution File, Format Version 12.00
# Visual Studio 15
Project("{FAE04EC0-301F-11D3-BF4B-00C04F79EFBC}") = "GroundEffect", "GroundEffect.csproj", "{CC89AEAB-FCCA-4A88-9E58-0F9365B16618}"
EndProject
Project("{2150E333-8FDC-42A3-9474-1A3956D46DE8}") = "Solution Items", "Solution Items", "{BC97C391-37A7-460D-8B77-7884C5FF67A5}"
EndProject
Global
	GlobalSection(SolutionConfigurationPlatforms) = preSolution
		Debug|Any CPU = Debug|Any CPU
		Release|Any CPU = Release|Any CPU
	EndGlobalSection
	GlobalSection(ProjectConfigurationPlatforms) = postSolution
		{CC89AEAB-FCCA-4A88-9E58-0F9365B16618}.Debug|Any CPU.ActiveCfg = Debug|Any CPU
		{CC89AEAB-FCCA-4A88-9E58-0F9365B16618}.Debug|Any CPU.Build.0 = Debug|Any CPU
		{CC89AEAB-FCCA-4A88-9E58-0F9365B16618}.Release|Any CPU.ActiveCfg = Release|Any CPU
		{CC89AEAB-FCCA-4A88-9E58-0F9365B16618}.Release|Any CPU.Build.0 = Release|Any CPU
	EndGlobalSection
EndGlobal
